// !$*UTF8*$!
{
	archiveVersion = 1;
	classes = {
	};
	objectVersion = 50;
	objects = {

/* Begin PBXBuildFile section */
		E1420B3C2191B77C00C9F0ED /* AppDelegate.swift in Sources */ = {isa = PBXBuildFile; fileRef = E1420B3B2191B77C00C9F0ED /* AppDelegate.swift */; };
		E1420B3E2191B77C00C9F0ED /* ViewController.swift in Sources */ = {isa = PBXBuildFile; fileRef = E1420B3D2191B77C00C9F0ED /* ViewController.swift */; };
		E1420B412191B77C00C9F0ED /* Main.storyboard in Resources */ = {isa = PBXBuildFile; fileRef = E1420B3F2191B77C00C9F0ED /* Main.storyboard */; };
		E1420B432191B77D00C9F0ED /* Assets.xcassets in Resources */ = {isa = PBXBuildFile; fileRef = E1420B422191B77D00C9F0ED /* Assets.xcassets */; };
		E1420B462191B77D00C9F0ED /* LaunchScreen.storyboard in Resources */ = {isa = PBXBuildFile; fileRef = E1420B442191B77D00C9F0ED /* LaunchScreen.storyboard */; };
		E1420B4E2191B7CD00C9F0ED /* SecondViewController.swift in Sources */ = {isa = PBXBuildFile; fileRef = E1420B4D2191B7CD00C9F0ED /* SecondViewController.swift */; };
		E1420B502191B82600C9F0ED /* TabBarDelegate.swift in Sources */ = {isa = PBXBuildFile; fileRef = E1420B4F2191B82600C9F0ED /* TabBarDelegate.swift */; };
/* End PBXBuildFile section */

/* Begin PBXFileReference section */
		E1420B382191B77C00C9F0ED /* Microinteractions.app */ = {isa = PBXFileReference; explicitFileType = wrapper.application; includeInIndex = 0; path = Microinteractions.app; sourceTree = BUILT_PRODUCTS_DIR; };
		E1420B3B2191B77C00C9F0ED /* AppDelegate.swift */ = {isa = PBXFileReference; lastKnownFileType = sourcecode.swift; path = AppDelegate.swift; sourceTree = "<group>"; };
		E1420B3D2191B77C00C9F0ED /* ViewController.swift */ = {isa = PBXFileReference; lastKnownFileType = sourcecode.swift; path = ViewController.swift; sourceTree = "<group>"; };
		E1420B402191B77C00C9F0ED /* Base */ = {isa = PBXFileReference; lastKnownFileType = file.storyboard; name = Base; path = Base.lproj/Main.storyboard; sourceTree = "<group>"; };
		E1420B422191B77D00C9F0ED /* Assets.xcassets */ = {isa = PBXFileReference; lastKnownFileType = folder.assetcatalog; path = Assets.xcassets; sourceTree = "<group>"; };
		E1420B452191B77D00C9F0ED /* Base */ = {isa = PBXFileReference; lastKnownFileType = file.storyboard; name = Base; path = Base.lproj/LaunchScreen.storyboard; sourceTree = "<group>"; };
		E1420B472191B77D00C9F0ED /* Info.plist */ = {isa = PBXFileReference; lastKnownFileType = text.plist.xml; path = Info.plist; sourceTree = "<group>"; };
		E1420B4D2191B7CD00C9F0ED /* SecondViewController.swift */ = {isa = PBXFileReference; lastKnownFileType = sourcecode.swift; path = SecondViewController.swift; sourceTree = "<group>"; };
		E1420B4F2191B82600C9F0ED /* TabBarDelegate.swift */ = {isa = PBXFileReference; lastKnownFileType = sourcecode.swift; path = TabBarDelegate.swift; sourceTree = "<group>"; };
/* End PBXFileReference section */

/* Begin PBXFrameworksBuildPhase section */
		E1420B352191B77C00C9F0ED /* Frameworks */ = {
			isa = PBXFrameworksBuildPhase;
			buildActionMask = 2147483647;
			files = (
			);
			runOnlyForDeploymentPostprocessing = 0;
		};
/* End PBXFrameworksBuildPhase section */

/* Begin PBXGroup section */
		E1420B2F2191B77C00C9F0ED = {
			isa = PBXGroup;
			children = (
				E1420B3A2191B77C00C9F0ED /* Microinteractions */,
				E1420B392191B77C00C9F0ED /* Products */,
			);
			sourceTree = "<group>";
		};
		E1420B392191B77C00C9F0ED /* Products */ = {
			isa = PBXGroup;
			children = (
				E1420B382191B77C00C9F0ED /* Microinteractions.app */,
			);
			name = Products;
			sourceTree = "<group>";
		};
		E1420B3A2191B77C00C9F0ED /* Microinteractions */ = {
			isa = PBXGroup;
			children = (
				E1420B3B2191B77C00C9F0ED /* AppDelegate.swift */,
				E1420B3D2191B77C00C9F0ED /* ViewController.swift */,
				E1420B3F2191B77C00C9F0ED /* Main.storyboard */,
				E1420B422191B77D00C9F0ED /* Assets.xcassets */,
				E1420B442191B77D00C9F0ED /* LaunchScreen.storyboard */,
				E1420B472191B77D00C9F0ED /* Info.plist */,
				E1420B4D2191B7CD00C9F0ED /* SecondViewController.swift */,
				E1420B4F2191B82600C9F0ED /* TabBarDelegate.swift */,
			);
			path = Microinteractions;
			sourceTree = "<group>";
		};
/* End PBXGroup section */

/* Begin PBXNativeTarget section */
		E1420B372191B77C00C9F0ED /* Microinteractions */ = {
			isa = PBXNativeTarget;
			buildConfigurationList = E1420B4A2191B77D00C9F0ED /* Build configuration list for PBXNativeTarget "Microinteractions" */;
			buildPhases = (
				E1420B342191B77C00C9F0ED /* Sources */,
				E1420B352191B77C00C9F0ED /* Frameworks */,
				E1420B362191B77C00C9F0ED /* Resources */,
			);
			buildRules = (
			);
			dependencies = (
			);
			name = Microinteractions;
			productName = Microinteractions;
			productReference = E1420B382191B77C00C9F0ED /* Microinteractions.app */;
			productType = "com.apple.product-type.application";
		};
/* End PBXNativeTarget section */

/* Begin PBXProject section */
		E1420B302191B77C00C9F0ED /* Project object */ = {
			isa = PBXProject;
			attributes = {
				LastSwiftUpdateCheck = 1000;
				LastUpgradeCheck = 1000;
				ORGANIZATIONNAME = "Gwinyai Nyatsoka";
				TargetAttributes = {
					E1420B372191B77C00C9F0ED = {
						CreatedOnToolsVersion = 10.0;
						LastSwiftMigration = 1020;
					};
				};
			};
			buildConfigurationList = E1420B332191B77C00C9F0ED /* Build configuration list for PBXProject "Microinteractions" */;
			compatibilityVersion = "Xcode 9.3";
			developmentRegion = en;
			hasScannedForEncodings = 0;
			knownRegions = (
				en,
				Base,
			);
			mainGroup = E1420B2F2191B77C00C9F0ED;
			productRefGroup = E1420B392191B77C00C9F0ED /* Products */;
			projectDirPath = "";
			projectRoot = "";
			targets = (
				E1420B372191B77C00C9F0ED /* Microinteractions */,
			);
		};
/* End PBXProject section */

/* Begin PBXResourcesBuildPhase section */
		E1420B362191B77C00C9F0ED /* Resources */ = {
			isa = PBXResourcesBuildPhase;
			buildActionMask = 2147483647;
			files = (
				E1420B462191B77D00C9F0ED /* LaunchScreen.storyboard in Resources */,
				E1420B432191B77D00C9F0ED /* Assets.xcassets in Resources */,
				E1420B412191B77C00C9F0ED /* Main.storyboard in Resources */,
			);
			runOnlyForDeploymentPostprocessing = 0;
		};
/* End PBXResourcesBuildPhase section */

/* Begin PBXSourcesBuildPhase section */
		E1420B342191B77C00C9F0ED /* Sources */ = {
			isa = PBXSourcesBuildPhase;
			buildActionMask = 2147483647;
			files = (
				E1420B4E2191B7CD00C9F0ED /* SecondViewController.swift in Sources */,
				E1420B3E2191B77C00C9F0ED /* ViewController.swift in Sources */,
				E1420B502191B82600C9F0ED /* TabBarDelegate.swift in Sources */,
				E1420B3C2191B77C00C9F0ED /* AppDelegate.swift in Sources */,
			);
			runOnlyForDeploymentPostprocessing = 0;
		};
/* End PBXSourcesBuildPhase section */

/* Begin PBXVariantGroup section */
		E1420B3F2191B77C00C9F0ED /* Main.storyboard */ = {
			isa = PBXVariantGroup;
			children = (
				E1420B402191B77C00C9F0ED /* Base */,
			);
			name = Main.storyboard;
			sourceTree = "<group>";
		};
		E1420B442191B77D00C9F0ED /* LaunchScreen.storyboard */ = {
			isa = PBXVariantGroup;
			children = (
				E1420B452191B77D00C9F0ED /* Base */,
			);
			name = LaunchScreen.storyboard;
			sourceTree = "<group>";
		};
/* End PBXVariantGroup section */

/* Begin XCBuildConfiguration section */
		E1420B482191B77D00C9F0ED /* Debug */ = {
			isa = XCBuildConfiguration;
			buildSettings = {
				ALWAYS_SEARCH_USER_PATHS = NO;
				CLANG_ANALYZER_NONNULL = YES;
				CLANG_ANALYZER_NUMBER_OBJECT_CONVERSION = YES_AGGRESSIVE;
				CLANG_CXX_LANGUAGE_STANDARD = "gnu++14";
				CLANG_CXX_LIBRARY = "libc++";
				CLANG_ENABLE_MODULES = YES;
				CLANG_ENABLE_OBJC_ARC = YES;
				CLANG_ENABLE_OBJC_WEAK = YES;
				CLANG_WARN_BLOCK_CAPTURE_AUTORELEASING = YES;
				CLANG_WARN_BOOL_CONVERSION = YES;
				CLANG_WARN_COMMA = YES;
				CLANG_WARN_CONSTANT_CONVERSION = YES;
				CLANG_WARN_DEPRECATED_OBJC_IMPLEMENTATIONS = YES;
				CLANG_WARN_DIRECT_OBJC_ISA_USAGE = YES_ERROR;
				CLANG_WARN_DOCUMENTATION_COMMENTS = YES;
				CLANG_WARN_EMPTY_BODY = YES;
				CLANG_WARN_ENUM_CONVERSION = YES;
				CLANG_WARN_INFINITE_RECURSION = YES;
				CLANG_WARN_INT_CONVERSION = YES;
				CLANG_WARN_NON_LITERAL_NULL_CONVERSION = YES;
				CLANG_WARN_OBJC_IMPLICIT_RETAIN_SELF = YES;
				CLANG_WARN_OBJC_LITERAL_CONVERSION = YES;
				CLANG_WARN_OBJC_ROOT_CLASS = YES_ERROR;
				CLANG_WARN_RANGE_LOOP_ANALYSIS = YES;
				CLANG_WARN_STRICT_PROTOTYPES = YES;
				CLANG_WARN_SUSPICIOUS_MOVE = YES;
				CLANG_WARN_UNGUARDED_AVAILABILITY = YES_AGGRESSIVE;
				CLANG_WARN_UNREACHABLE_CODE = YES;
				CLANG_WARN__DUPLICATE_METHOD_MATCH = YES;
				CODE_SIGN_IDENTITY = "iPhone Developer";
				COPY_PHASE_STRIP = NO;
				DEBUG_INFORMATION_FORMAT = dwarf;
				ENABLE_STRICT_OBJC_MSGSEND = YES;
				ENABLE_TESTABILITY = YES;
				GCC_C_LANGUAGE_STANDARD = gnu11;
				GCC_DYNAMIC_NO_PIC = NO;
				GCC_NO_COMMON_BLOCKS = YES;
				GCC_OPTIMIZATION_LEVEL = 0;
				GCC_PREPROCESSOR_DEFINITIONS = (
					"DEBUG=1",
					"$(inherited)",
				);
				GCC_WARN_64_TO_32_BIT_CONVERSION = YES;
				GCC_WARN_ABOUT_RETURN_TYPE = YES_ERROR;
				GCC_WARN_UNDECLARED_SELECTOR = YES;
				GCC_WARN_UNINITIALIZED_AUTOS = YES_AGGRESSIVE;
				GCC_WARN_UNUSED_FUNCTION = YES;
				GCC_WARN_UNUSED_VARIABLE = YES;
				IPHONEOS_DEPLOYMENT_TARGET = 12.0;
				MTL_ENABLE_DEBUG_INFO = INCLUDE_SOURCE;
				MTL_FAST_MATH = YES;
				ONLY_ACTIVE_ARCH = YES;
				SDKROOT = iphoneos;
				SWIFT_ACTIVE_COMPILATION_CONDITIONS = DEBUG;
				SWIFT_OPTIMIZATION_LEVEL = "-Onone";
			};
			name = Debug;
		};
		E1420B492191B77D00C9F0ED /* Release */ = {
			isa = XCBuildConfiguration;
			buildSettings = {
				ALWAYS_SEARCH_USER_PATHS = NO;
				CLANG_ANALYZER_NONNULL = YES;
				CLANG_ANALYZER_NUMBER_OBJECT_CONVERSION = YES_AGGRESSIVE;
				CLANG_CXX_LANGUAGE_STANDARD = "gnu++14";
				CLANG_CXX_LIBRARY = "libc++";
				CLANG_ENABLE_MODULES = YES;
				CLANG_ENABLE_OBJC_ARC = YES;
				CLANG_ENABLE_OBJC_WEAK = YES;
				CLANG_WARN_BLOCK_CAPTURE_AUTORELEASING = YES;
				CLANG_WARN_BOOL_CONVERSION = YES;
				CLANG_WARN_COMMA = YES;
				CLANG_WARN_CONSTANT_CONVERSION = YES;
				CLANG_WARN_DEPRECATED_OBJC_IMPLEMENTATIONS = YES;
				CLANG_WARN_DIRECT_OBJC_ISA_USAGE = YES_ERROR;
				CLANG_WARN_DOCUMENTATION_COMMENTS = YES;
				CLANG_WARN_EMPTY_BODY = YES;
				CLANG_WARN_ENUM_CONVERSION = YES;
				CLANG_WARN_INFINITE_RECURSION = YES;
				CLANG_WARN_INT_CONVERSION = YES;
				CLANG_WARN_NON_LITERAL_NULL_CONVERSION = YES;
				CLANG_WARN_OBJC_IMPLICIT_RETAIN_SELF = YES;
				CLANG_WARN_OBJC_LITERAL_CONVERSION = YES;
				CLANG_WARN_OBJC_ROOT_CLASS = YES_ERROR;
				CLANG_WARN_RANGE_LOOP_ANALYSIS = YES;
				CLANG_WARN_STRICT_PROTOTYPES = YES;
				CLANG_WARN_SUSPICIOUS_MOVE = YES;
				CLANG_WARN_UNGUARDED_AVAILABILITY = YES_AGGRESSIVE;
				CLANG_WARN_UNREACHABLE_CODE = YES;
				CLANG_WARN__DUPLICATE_METHOD_MATCH = YES;
				CODE_SIGN_IDENTITY = "iPhone Developer";
				COPY_PHASE_STRIP = NO;
				DEBUG_INFORMATION_FORMAT = "dwarf-with-dsym";
				ENABLE_NS_ASSERTIONS = NO;
				ENABLE_STRICT_OBJC_MSGSEND = YES;
				GCC_C_LANGUAGE_STANDARD = gnu11;
				GCC_NO_COMMON_BLOCKS = YES;
				GCC_WARN_64_TO_32_BIT_CONVERSION = YES;
				GCC_WARN_ABOUT_RETURN_TYPE = YES_ERROR;
				GCC_WARN_UNDECLARED_SELECTOR = YES;
				GCC_WARN_UNINITIALIZED_AUTOS = YES_AGGRESSIVE;
				GCC_WARN_UNUSED_FUNCTION = YES;
				GCC_WARN_UNUSED_VARIABLE = YES;
				IPHONEOS_DEPLOYMENT_TARGET = 12.0;
				MTL_ENABLE_DEBUG_INFO = NO;
				MTL_FAST_MATH = YES;
				SDKROOT = iphoneos;
				SWIFT_COMPILATION_MODE = wholemodule;
				SWIFT_OPTIMIZATION_LEVEL = "-O";
				VALIDATE_PRODUCT = YES;
			};
			name = Release;
		};
		E1420B4B2191B77D00C9F0ED /* Debug */ = {
			isa = XCBuildConfiguration;
			buildSettings = {
				ASSETCATALOG_COMPILER_APPICON_NAME = AppIcon;
				CODE_SIGN_STYLE = Automatic;
				INFOPLIST_FILE = Microinteractions/Info.plist;
				LD_RUNPATH_SEARCH_PATHS = (
					"$(inherited)",
					"@executable_path/Frameworks",
				);
				PRODUCT_BUNDLE_IDENTIFIER = com.sbassett1.Microinteractions;
				PRODUCT_NAME = "$(TARGET_NAME)";
				SWIFT_VERSION = 5.0;
				TARGETED_DEVICE_FAMILY = "1,2";
			};
			name = Debug;
		};
		E1420B4C2191B77D00C9F0ED /* Release */ = {
			isa = XCBuildConfiguration;
			buildSettings = {
				ASSETCATALOG_COMPILER_APPICON_NAME = AppIcon;
				CODE_SIGN_STYLE = Automatic;
				INFOPLIST_FILE = Microinteractions/Info.plist;
				LD_RUNPATH_SEARCH_PATHS = (
					"$(inherited)",
					"@executable_path/Frameworks",
				);
				PRODUCT_BUNDLE_IDENTIFIER = com.sbassett1.Microinteractions;
				PRODUCT_NAME = "$(TARGET_NAME)";
				SWIFT_VERSION = 5.0;
				TARGETED_DEVICE_FAMILY = "1,2";
			};
			name = Release;
		};
/* End XCBuildConfiguration section */

/* Begin XCConfigurationList section */
		E1420B332191B77C00C9F0ED /* Build configuration list for PBXProject "Microinteractions" */ = {
			isa = XCConfigurationList;
			buildConfigurations = (
				E1420B482191B77D00C9F0ED /* Debug */,
				E1420B492191B77D00C9F0ED /* Release */,
			);
			defaultConfigurationIsVisible = 0;
			defaultConfigurationName = Release;
		};
		E1420B4A2191B77D00C9F0ED /* Build configuration list for PBXNativeTarget "Microinteractions" */ = {
			isa = XCConfigurationList;
			buildConfigurations = (
				E1420B4B2191B77D00C9F0ED /* Debug */,
				E1420B4C2191B77D00C9F0ED /* Release */,
			);
			defaultConfigurationIsVisible = 0;
			defaultConfigurationName = Release;
		};
/* End XCConfigurationList section */
	};
	rootObject = E1420B302191B77C00C9F0ED /* Project object */;
}
